// !$*UTF8*$!
{
	archiveVersion = 1;
	classes = {
	};
	objectVersion = 50;
	objects = {

/* Begin PBXBuildFile section */
		C613835D277BB9C7007F2A43 /* TitleString.swift in Sources */ = {isa = PBXBuildFile; fileRef = C613835C277BB9C7007F2A43 /* TitleString.swift */; };
		C619586B277F06D600985895 /* TouchTabViewer.swift in Sources */ = {isa = PBXBuildFile; fileRef = C619586A277F06D600985895 /* TouchTabViewer.swift */; };
		C61D34DB2778BBC600EB3013 /* lclz.swift in Sources */ = {isa = PBXBuildFile; fileRef = C61D34DA2778BBC600EB3013 /* lclz.swift */; };
		C61D34DD2778BBDB00EB3013 /* PreferencesClass.swift in Sources */ = {isa = PBXBuildFile; fileRef = C61D34DC2778BBDB00EB3013 /* PreferencesClass.swift */; };
		C61D34DF2778BC0E00EB3013 /* MainTabViewer.swift in Sources */ = {isa = PBXBuildFile; fileRef = C61D34DE2778BC0E00EB3013 /* MainTabViewer.swift */; };
		C61D34E12778BD1C00EB3013 /* NewTabUrlContent.swift in Sources */ = {isa = PBXBuildFile; fileRef = C61D34E02778BD1C00EB3013 /* NewTabUrlContent.swift */; };
		C61D34E32778BD4200EB3013 /* TabPageView.swift in Sources */ = {isa = PBXBuildFile; fileRef = C61D34E22778BD4200EB3013 /* TabPageView.swift */; };
		C61D34E52778BD6D00EB3013 /* EditValueView.swift in Sources */ = {isa = PBXBuildFile; fileRef = C61D34E42778BD6D00EB3013 /* EditValueView.swift */; };
		C61D34E72778BD9A00EB3013 /* Save1Song.swift in Sources */ = {isa = PBXBuildFile; fileRef = C61D34E62778BD9A00EB3013 /* Save1Song.swift */; };
		C61D34E92778BE4D00EB3013 /* TabSharer.swift in Sources */ = {isa = PBXBuildFile; fileRef = C61D34E82778BE4D00EB3013 /* TabSharer.swift */; };
		C61D34EB2778BF1900EB3013 /* WebViewRep.swift in Sources */ = {isa = PBXBuildFile; fileRef = C61D34EA2778BF1900EB3013 /* WebViewRep.swift */; };
		C65C26A9267BC70100DA491D /* SelectableItem.swift in Sources */ = {isa = PBXBuildFile; fileRef = C65C26A8267BC70100DA491D /* SelectableItem.swift */; };
		C66F4C632679EE7D00321FAD /* AccessibleCheckBox.swift in Sources */ = {isa = PBXBuildFile; fileRef = C66F4C622679EE7D00321FAD /* AccessibleCheckBox.swift */; };
		C67649172663919C0033464A /* Tab_ExtractorApp.swift in Sources */ = {isa = PBXBuildFile; fileRef = C67649162663919C0033464A /* Tab_ExtractorApp.swift */; };
		C67649192663919C0033464A /* ContentView.swift in Sources */ = {isa = PBXBuildFile; fileRef = C67649182663919C0033464A /* ContentView.swift */; };
		C676491B2663919D0033464A /* Assets.xcassets in Resources */ = {isa = PBXBuildFile; fileRef = C676491A2663919D0033464A /* Assets.xcassets */; };
		C676491E2663919D0033464A /* Preview Assets.xcassets in Resources */ = {isa = PBXBuildFile; fileRef = C676491D2663919D0033464A /* Preview Assets.xcassets */; };
		C676492826639B5F0033464A /* TabObject.swift in Sources */ = {isa = PBXBuildFile; fileRef = C676492726639B5F0033464A /* TabObject.swift */; };
		C682470026832C460003B79B /* YourSongsView.swift in Sources */ = {isa = PBXBuildFile; fileRef = C68246FF26832C460003B79B /* YourSongsView.swift */; };
		C682470226832DE40003B79B /* TabFileAssoc.swift in Sources */ = {isa = PBXBuildFile; fileRef = C682470126832DE40003B79B /* TabFileAssoc.swift */; };
		C68C470926668B4E00D3A026 /* TabDetector.swift in Sources */ = {isa = PBXBuildFile; fileRef = C68C470826668B4E00D3A026 /* TabDetector.swift */; };
		C69AC590266FF26C00D066AB /* TabParseAlg1.swift in Sources */ = {isa = PBXBuildFile; fileRef = C69AC58F266FF26C00D066AB /* TabParseAlg1.swift */; };
		C6A198502686483C0083D08B /* PreferencesView.swift in Sources */ = {isa = PBXBuildFile; fileRef = C6A1984F2686483C0083D08B /* PreferencesView.swift */; };
		C6C51B062671DAB70025EBB7 /* TabParseAlg2.swift in Sources */ = {isa = PBXBuildFile; fileRef = C6C51B052671DAB70025EBB7 /* TabParseAlg2.swift */; };
		C6C6F9CE267F3F1F00F4A653 /* Localizable.strings in Resources */ = {isa = PBXBuildFile; fileRef = C6C6F9D0267F3F1F00F4A653 /* Localizable.strings */; };
		C6DBE5AE2778FB8400F36A8B /* NewTabFromTextContent.swift in Sources */ = {isa = PBXBuildFile; fileRef = C6DBE5AD2778FB8400F36A8B /* NewTabFromTextContent.swift */; };
/* End PBXBuildFile section */

/* Begin PBXFileReference section */
		C613835C277BB9C7007F2A43 /* TitleString.swift */ = {isa = PBXFileReference; lastKnownFileType = sourcecode.swift; path = TitleString.swift; sourceTree = "<group>"; };
		C619586A277F06D600985895 /* TouchTabViewer.swift */ = {isa = PBXFileReference; lastKnownFileType = sourcecode.swift; path = TouchTabViewer.swift; sourceTree = "<group>"; };
		C61D34DA2778BBC600EB3013 /* lclz.swift */ = {isa = PBXFileReference; fileEncoding = 4; lastKnownFileType = sourcecode.swift; path = lclz.swift; sourceTree = "<group>"; };
		C61D34DC2778BBDB00EB3013 /* PreferencesClass.swift */ = {isa = PBXFileReference; fileEncoding = 4; lastKnownFileType = sourcecode.swift; path = PreferencesClass.swift; sourceTree = "<group>"; };
		C61D34DE2778BC0E00EB3013 /* MainTabViewer.swift */ = {isa = PBXFileReference; fileEncoding = 4; lastKnownFileType = sourcecode.swift; path = MainTabViewer.swift; sourceTree = "<group>"; };
		C61D34E02778BD1C00EB3013 /* NewTabUrlContent.swift */ = {isa = PBXFileReference; fileEncoding = 4; lastKnownFileType = sourcecode.swift; path = NewTabUrlContent.swift; sourceTree = "<group>"; };
		C61D34E22778BD4200EB3013 /* TabPageView.swift */ = {isa = PBXFileReference; fileEncoding = 4; lastKnownFileType = sourcecode.swift; path = TabPageView.swift; sourceTree = "<group>"; };
		C61D34E42778BD6D00EB3013 /* EditValueView.swift */ = {isa = PBXFileReference; fileEncoding = 4; lastKnownFileType = sourcecode.swift; path = EditValueView.swift; sourceTree = "<group>"; };
		C61D34E62778BD9A00EB3013 /* Save1Song.swift */ = {isa = PBXFileReference; fileEncoding = 4; lastKnownFileType = sourcecode.swift; path = Save1Song.swift; sourceTree = "<group>"; };
		C61D34E82778BE4D00EB3013 /* TabSharer.swift */ = {isa = PBXFileReference; fileEncoding = 4; lastKnownFileType = sourcecode.swift; path = TabSharer.swift; sourceTree = "<group>"; };
		C61D34EA2778BF1900EB3013 /* WebViewRep.swift */ = {isa = PBXFileReference; fileEncoding = 4; lastKnownFileType = sourcecode.swift; path = WebViewRep.swift; sourceTree = "<group>"; };
		C646D2D7276B600E000C83BB /* Tab Extractor.entitlements */ = {isa = PBXFileReference; lastKnownFileType = text.plist.entitlements; path = "Tab Extractor.entitlements"; sourceTree = "<group>"; };
		C65C26A8267BC70100DA491D /* SelectableItem.swift */ = {isa = PBXFileReference; lastKnownFileType = sourcecode.swift; path = SelectableItem.swift; sourceTree = "<group>"; };
		C66F4C622679EE7D00321FAD /* AccessibleCheckBox.swift */ = {isa = PBXFileReference; lastKnownFileType = sourcecode.swift; path = AccessibleCheckBox.swift; sourceTree = "<group>"; };
		C67649132663919C0033464A /* Tab Extractor.app */ = {isa = PBXFileReference; explicitFileType = wrapper.application; includeInIndex = 0; path = "Tab Extractor.app"; sourceTree = BUILT_PRODUCTS_DIR; };
		C67649162663919C0033464A /* Tab_ExtractorApp.swift */ = {isa = PBXFileReference; lastKnownFileType = sourcecode.swift; path = Tab_ExtractorApp.swift; sourceTree = "<group>"; };
		C67649182663919C0033464A /* ContentView.swift */ = {isa = PBXFileReference; lastKnownFileType = sourcecode.swift; path = ContentView.swift; sourceTree = "<group>"; };
		C676491A2663919D0033464A /* Assets.xcassets */ = {isa = PBXFileReference; lastKnownFileType = folder.assetcatalog; path = Assets.xcassets; sourceTree = "<group>"; };
		C676491D2663919D0033464A /* Preview Assets.xcassets */ = {isa = PBXFileReference; lastKnownFileType = folder.assetcatalog; path = "Preview Assets.xcassets"; sourceTree = "<group>"; };
		C676491F2663919D0033464A /* Info.plist */ = {isa = PBXFileReference; lastKnownFileType = text.plist.xml; path = Info.plist; sourceTree = "<group>"; };
		C676492726639B5F0033464A /* TabObject.swift */ = {isa = PBXFileReference; lastKnownFileType = sourcecode.swift; path = TabObject.swift; sourceTree = "<group>"; };
		C68246FF26832C460003B79B /* YourSongsView.swift */ = {isa = PBXFileReference; lastKnownFileType = sourcecode.swift; path = YourSongsView.swift; sourceTree = "<group>"; };
		C682470126832DE40003B79B /* TabFileAssoc.swift */ = {isa = PBXFileReference; lastKnownFileType = sourcecode.swift; path = TabFileAssoc.swift; sourceTree = "<group>"; };
		C68C470826668B4E00D3A026 /* TabDetector.swift */ = {isa = PBXFileReference; lastKnownFileType = sourcecode.swift; path = TabDetector.swift; sourceTree = "<group>"; };
		C69AC58F266FF26C00D066AB /* TabParseAlg1.swift */ = {isa = PBXFileReference; lastKnownFileType = sourcecode.swift; path = TabParseAlg1.swift; sourceTree = "<group>"; };
		C6A1984F2686483C0083D08B /* PreferencesView.swift */ = {isa = PBXFileReference; lastKnownFileType = sourcecode.swift; path = PreferencesView.swift; sourceTree = "<group>"; };
		C6C51B052671DAB70025EBB7 /* TabParseAlg2.swift */ = {isa = PBXFileReference; lastKnownFileType = sourcecode.swift; path = TabParseAlg2.swift; sourceTree = "<group>"; };
		C6C6F9CF267F3F1F00F4A653 /* en */ = {isa = PBXFileReference; lastKnownFileType = text.plist.strings; name = en; path = en.lproj/Localizable.strings; sourceTree = "<group>"; };
		C6C6F9D1267F45A200F4A653 /* ro */ = {isa = PBXFileReference; lastKnownFileType = text.plist.strings; name = ro; path = ro.lproj/Localizable.strings; sourceTree = "<group>"; };
		C6DBE5AD2778FB8400F36A8B /* NewTabFromTextContent.swift */ = {isa = PBXFileReference; lastKnownFileType = sourcecode.swift; path = NewTabFromTextContent.swift; sourceTree = "<group>"; };
/* End PBXFileReference section */

/* Begin PBXFrameworksBuildPhase section */
		C67649102663919C0033464A /* Frameworks */ = {
			isa = PBXFrameworksBuildPhase;
			buildActionMask = 2147483647;
			files = (
			);
			runOnlyForDeploymentPostprocessing = 0;
		};
/* End PBXFrameworksBuildPhase section */

/* Begin PBXGroup section */
		C61D34EC2778BF3200EB3013 /* generals */ = {
			isa = PBXGroup;
			children = (
				C65C26A8267BC70100DA491D /* SelectableItem.swift */,
				C613835C277BB9C7007F2A43 /* TitleString.swift */,
				C66F4C622679EE7D00321FAD /* AccessibleCheckBox.swift */,
				C61D34EA2778BF1900EB3013 /* WebViewRep.swift */,
			);
			path = generals;
			sourceTree = "<group>";
		};
		C61D34ED2778BFA900EB3013 /* views */ = {
			isa = PBXGroup;
			children = (
				C67649182663919C0033464A /* ContentView.swift */,
				C6A1984F2686483C0083D08B /* PreferencesView.swift */,
				C68246FF26832C460003B79B /* YourSongsView.swift */,
				C61D34DE2778BC0E00EB3013 /* MainTabViewer.swift */,
				C619586A277F06D600985895 /* TouchTabViewer.swift */,
				C61D34E82778BE4D00EB3013 /* TabSharer.swift */,
				C61D34E02778BD1C00EB3013 /* NewTabUrlContent.swift */,
				C6DBE5AD2778FB8400F36A8B /* NewTabFromTextContent.swift */,
				C61D34E22778BD4200EB3013 /* TabPageView.swift */,
				C61D34E42778BD6D00EB3013 /* EditValueView.swift */,
				C61D34E62778BD9A00EB3013 /* Save1Song.swift */,
			);
			path = views;
			sourceTree = "<group>";
		};
		C61D34EE2778BFE300EB3013 /* data */ = {
			isa = PBXGroup;
			children = (
				C682470126832DE40003B79B /* TabFileAssoc.swift */,
				C676492726639B5F0033464A /* TabObject.swift */,
				C68C470826668B4E00D3A026 /* TabDetector.swift */,
				C69AC58F266FF26C00D066AB /* TabParseAlg1.swift */,
				C6C51B052671DAB70025EBB7 /* TabParseAlg2.swift */,
			);
			path = data;
			sourceTree = "<group>";
		};
		C676490A2663919C0033464A = {
			isa = PBXGroup;
			children = (
				C67649152663919C0033464A /* Tab Extractor */,
				C67649142663919C0033464A /* Products */,
			);
			sourceTree = "<group>";
		};
		C67649142663919C0033464A /* Products */ = {
			isa = PBXGroup;
			children = (
				C67649132663919C0033464A /* Tab Extractor.app */,
			);
			name = Products;
			sourceTree = "<group>";
		};
		C67649152663919C0033464A /* Tab Extractor */ = {
			isa = PBXGroup;
			children = (
				C646D2D7276B600E000C83BB /* Tab Extractor.entitlements */,
				C67649162663919C0033464A /* Tab_ExtractorApp.swift */,
				C6C6F9D0267F3F1F00F4A653 /* Localizable.strings */,
				C61D34DA2778BBC600EB3013 /* lclz.swift */,
				C61D34DC2778BBDB00EB3013 /* PreferencesClass.swift */,
				C61D34ED2778BFA900EB3013 /* views */,
				C61D34EE2778BFE300EB3013 /* data */,
				C61D34EC2778BF3200EB3013 /* generals */,
				C676491A2663919D0033464A /* Assets.xcassets */,
				C676491F2663919D0033464A /* Info.plist */,
				C676491C2663919D0033464A /* Preview Content */,
			);
			path = "Tab Extractor";
			sourceTree = "<group>";
		};
		C676491C2663919D0033464A /* Preview Content */ = {
			isa = PBXGroup;
			children = (
				C676491D2663919D0033464A /* Preview Assets.xcassets */,
			);
			path = "Preview Content";
			sourceTree = "<group>";
		};
/* End PBXGroup section */

/* Begin PBXNativeTarget section */
		C67649122663919C0033464A /* Tab Extractor */ = {
			isa = PBXNativeTarget;
			buildConfigurationList = C67649222663919D0033464A /* Build configuration list for PBXNativeTarget "Tab Extractor" */;
			buildPhases = (
				C676490F2663919C0033464A /* Sources */,
				C67649102663919C0033464A /* Frameworks */,
				C67649112663919C0033464A /* Resources */,
			);
			buildRules = (
			);
			dependencies = (
			);
			name = "Tab Extractor";
			productName = "Tab Extractor";
			productReference = C67649132663919C0033464A /* Tab Extractor.app */;
			productType = "com.apple.product-type.application";
		};
/* End PBXNativeTarget section */

/* Begin PBXProject section */
		C676490B2663919C0033464A /* Project object */ = {
			isa = PBXProject;
			attributes = {
				LastSwiftUpdateCheck = 1250;
				LastUpgradeCheck = 1250;
				TargetAttributes = {
					C67649122663919C0033464A = {
						CreatedOnToolsVersion = 12.5;
					};
				};
			};
			buildConfigurationList = C676490E2663919C0033464A /* Build configuration list for PBXProject "Tab Extractor" */;
			compatibilityVersion = "Xcode 9.3";
			developmentRegion = en;
			hasScannedForEncodings = 0;
			knownRegions = (
				en,
				Base,
				ro,
			);
			mainGroup = C676490A2663919C0033464A;
			productRefGroup = C67649142663919C0033464A /* Products */;
			projectDirPath = "";
			projectRoot = "";
			targets = (
				C67649122663919C0033464A /* Tab Extractor */,
			);
		};
/* End PBXProject section */

/* Begin PBXResourcesBuildPhase section */
		C67649112663919C0033464A /* Resources */ = {
			isa = PBXResourcesBuildPhase;
			buildActionMask = 2147483647;
			files = (
				C676491E2663919D0033464A /* Preview Assets.xcassets in Resources */,
				C6C6F9CE267F3F1F00F4A653 /* Localizable.strings in Resources */,
				C676491B2663919D0033464A /* Assets.xcassets in Resources */,
			);
			runOnlyForDeploymentPostprocessing = 0;
		};
/* End PBXResourcesBuildPhase section */

/* Begin PBXSourcesBuildPhase section */
		C676490F2663919C0033464A /* Sources */ = {
			isa = PBXSourcesBuildPhase;
			buildActionMask = 2147483647;
			files = (
				C66F4C632679EE7D00321FAD /* AccessibleCheckBox.swift in Sources */,
				C676492826639B5F0033464A /* TabObject.swift in Sources */,
				C6A198502686483C0083D08B /* PreferencesView.swift in Sources */,
				C613835D277BB9C7007F2A43 /* TitleString.swift in Sources */,
				C6DBE5AE2778FB8400F36A8B /* NewTabFromTextContent.swift in Sources */,
				C61D34E12778BD1C00EB3013 /* NewTabUrlContent.swift in Sources */,
				C61D34E92778BE4D00EB3013 /* TabSharer.swift in Sources */,
				C61D34E32778BD4200EB3013 /* TabPageView.swift in Sources */,
				C68C470926668B4E00D3A026 /* TabDetector.swift in Sources */,
				C61D34EB2778BF1900EB3013 /* WebViewRep.swift in Sources */,
				C6C51B062671DAB70025EBB7 /* TabParseAlg2.swift in Sources */,
				C682470226832DE40003B79B /* TabFileAssoc.swift in Sources */,
				C682470026832C460003B79B /* YourSongsView.swift in Sources */,
				C619586B277F06D600985895 /* TouchTabViewer.swift in Sources */,
				C65C26A9267BC70100DA491D /* SelectableItem.swift in Sources */,
				C61D34E72778BD9A00EB3013 /* Save1Song.swift in Sources */,
				C69AC590266FF26C00D066AB /* TabParseAlg1.swift in Sources */,
				C61D34DD2778BBDB00EB3013 /* PreferencesClass.swift in Sources */,
				C67649192663919C0033464A /* ContentView.swift in Sources */,
				C61D34DF2778BC0E00EB3013 /* MainTabViewer.swift in Sources */,
				C61D34E52778BD6D00EB3013 /* EditValueView.swift in Sources */,
				C61D34DB2778BBC600EB3013 /* lclz.swift in Sources */,
				C67649172663919C0033464A /* Tab_ExtractorApp.swift in Sources */,
			);
			runOnlyForDeploymentPostprocessing = 0;
		};
/* End PBXSourcesBuildPhase section */

/* Begin PBXVariantGroup section */
		C6C6F9D0267F3F1F00F4A653 /* Localizable.strings */ = {
			isa = PBXVariantGroup;
			children = (
				C6C6F9CF267F3F1F00F4A653 /* en */,
				C6C6F9D1267F45A200F4A653 /* ro */,
			);
			name = Localizable.strings;
			sourceTree = "<group>";
		};
/* End PBXVariantGroup section */

/* Begin XCBuildConfiguration section */
		C67649202663919D0033464A /* Debug */ = {
			isa = XCBuildConfiguration;
			buildSettings = {
				ALWAYS_SEARCH_USER_PATHS = NO;
				CLANG_ANALYZER_LOCALIZABILITY_NONLOCALIZED = YES;
				CLANG_ANALYZER_NONNULL = YES;
				CLANG_ANALYZER_NUMBER_OBJECT_CONVERSION = YES_AGGRESSIVE;
				CLANG_CXX_LANGUAGE_STANDARD = "gnu++14";
				CLANG_CXX_LIBRARY = "libc++";
				CLANG_ENABLE_MODULES = YES;
				CLANG_ENABLE_OBJC_ARC = YES;
				CLANG_ENABLE_OBJC_WEAK = YES;
				CLANG_WARN_BLOCK_CAPTURE_AUTORELEASING = YES;
				CLANG_WARN_BOOL_CONVERSION = YES;
				CLANG_WARN_COMMA = YES;
				CLANG_WARN_CONSTANT_CONVERSION = YES;
				CLANG_WARN_DEPRECATED_OBJC_IMPLEMENTATIONS = YES;
				CLANG_WARN_DIRECT_OBJC_ISA_USAGE = YES_ERROR;
				CLANG_WARN_DOCUMENTATION_COMMENTS = YES;
				CLANG_WARN_EMPTY_BODY = YES;
				CLANG_WARN_ENUM_CONVERSION = YES;
				CLANG_WARN_INFINITE_RECURSION = YES;
				CLANG_WARN_INT_CONVERSION = YES;
				CLANG_WARN_NON_LITERAL_NULL_CONVERSION = YES;
				CLANG_WARN_OBJC_IMPLICIT_RETAIN_SELF = YES;
				CLANG_WARN_OBJC_LITERAL_CONVERSION = YES;
				CLANG_WARN_OBJC_ROOT_CLASS = YES_ERROR;
				CLANG_WARN_QUOTED_INCLUDE_IN_FRAMEWORK_HEADER = YES;
				CLANG_WARN_RANGE_LOOP_ANALYSIS = YES;
				CLANG_WARN_STRICT_PROTOTYPES = YES;
				CLANG_WARN_SUSPICIOUS_MOVE = YES;
				CLANG_WARN_UNGUARDED_AVAILABILITY = YES_AGGRESSIVE;
				CLANG_WARN_UNREACHABLE_CODE = YES;
				CLANG_WARN__DUPLICATE_METHOD_MATCH = YES;
				COPY_PHASE_STRIP = NO;
				DEBUG_INFORMATION_FORMAT = dwarf;
				ENABLE_STRICT_OBJC_MSGSEND = YES;
				ENABLE_TESTABILITY = YES;
				GCC_C_LANGUAGE_STANDARD = gnu11;
				GCC_DYNAMIC_NO_PIC = NO;
				GCC_NO_COMMON_BLOCKS = YES;
				GCC_OPTIMIZATION_LEVEL = 0;
				GCC_PREPROCESSOR_DEFINITIONS = (
					"DEBUG=1",
					"$(inherited)",
				);
				GCC_WARN_64_TO_32_BIT_CONVERSION = YES;
				GCC_WARN_ABOUT_RETURN_TYPE = YES_ERROR;
				GCC_WARN_UNDECLARED_SELECTOR = YES;
				GCC_WARN_UNINITIALIZED_AUTOS = YES_AGGRESSIVE;
				GCC_WARN_UNUSED_FUNCTION = YES;
				GCC_WARN_UNUSED_VARIABLE = YES;
				IPHONEOS_DEPLOYMENT_TARGET = 14.5;
				MTL_ENABLE_DEBUG_INFO = INCLUDE_SOURCE;
				MTL_FAST_MATH = YES;
				ONLY_ACTIVE_ARCH = YES;
				SDKROOT = iphoneos;
				SWIFT_ACTIVE_COMPILATION_CONDITIONS = DEBUG;
				SWIFT_OPTIMIZATION_LEVEL = "-Onone";
			};
			name = Debug;
		};
		C67649212663919D0033464A /* Release */ = {
			isa = XCBuildConfiguration;
			buildSettings = {
				ALWAYS_SEARCH_USER_PATHS = NO;
				CLANG_ANALYZER_LOCALIZABILITY_NONLOCALIZED = YES;
				CLANG_ANALYZER_NONNULL = YES;
				CLANG_ANALYZER_NUMBER_OBJECT_CONVERSION = YES_AGGRESSIVE;
				CLANG_CXX_LANGUAGE_STANDARD = "gnu++14";
				CLANG_CXX_LIBRARY = "libc++";
				CLANG_ENABLE_MODULES = YES;
				CLANG_ENABLE_OBJC_ARC = YES;
				CLANG_ENABLE_OBJC_WEAK = YES;
				CLANG_WARN_BLOCK_CAPTURE_AUTORELEASING = YES;
				CLANG_WARN_BOOL_CONVERSION = YES;
				CLANG_WARN_COMMA = YES;
				CLANG_WARN_CONSTANT_CONVERSION = YES;
				CLANG_WARN_DEPRECATED_OBJC_IMPLEMENTATIONS = YES;
				CLANG_WARN_DIRECT_OBJC_ISA_USAGE = YES_ERROR;
				CLANG_WARN_DOCUMENTATION_COMMENTS = YES;
				CLANG_WARN_EMPTY_BODY = YES;
				CLANG_WARN_ENUM_CONVERSION = YES;
				CLANG_WARN_INFINITE_RECURSION = YES;
				CLANG_WARN_INT_CONVERSION = YES;
				CLANG_WARN_NON_LITERAL_NULL_CONVERSION = YES;
				CLANG_WARN_OBJC_IMPLICIT_RETAIN_SELF = YES;
				CLANG_WARN_OBJC_LITERAL_CONVERSION = YES;
				CLANG_WARN_OBJC_ROOT_CLASS = YES_ERROR;
				CLANG_WARN_QUOTED_INCLUDE_IN_FRAMEWORK_HEADER = YES;
				CLANG_WARN_RANGE_LOOP_ANALYSIS = YES;
				CLANG_WARN_STRICT_PROTOTYPES = YES;
				CLANG_WARN_SUSPICIOUS_MOVE = YES;
				CLANG_WARN_UNGUARDED_AVAILABILITY = YES_AGGRESSIVE;
				CLANG_WARN_UNREACHABLE_CODE = YES;
				CLANG_WARN__DUPLICATE_METHOD_MATCH = YES;
				COPY_PHASE_STRIP = NO;
				DEBUG_INFORMATION_FORMAT = "dwarf-with-dsym";
				ENABLE_NS_ASSERTIONS = NO;
				ENABLE_STRICT_OBJC_MSGSEND = YES;
				GCC_C_LANGUAGE_STANDARD = gnu11;
				GCC_NO_COMMON_BLOCKS = YES;
				GCC_WARN_64_TO_32_BIT_CONVERSION = YES;
				GCC_WARN_ABOUT_RETURN_TYPE = YES_ERROR;
				GCC_WARN_UNDECLARED_SELECTOR = YES;
				GCC_WARN_UNINITIALIZED_AUTOS = YES_AGGRESSIVE;
				GCC_WARN_UNUSED_FUNCTION = YES;
				GCC_WARN_UNUSED_VARIABLE = YES;
				IPHONEOS_DEPLOYMENT_TARGET = 14.5;
				MTL_ENABLE_DEBUG_INFO = NO;
				MTL_FAST_MATH = YES;
				SDKROOT = iphoneos;
				SWIFT_COMPILATION_MODE = wholemodule;
				SWIFT_OPTIMIZATION_LEVEL = "-O";
				VALIDATE_PRODUCT = YES;
			};
			name = Release;
		};
		C67649232663919D0033464A /* Debug */ = {
			isa = XCBuildConfiguration;
			buildSettings = {
				ASSETCATALOG_COMPILER_APPICON_NAME = AppIcon;
				ASSETCATALOG_COMPILER_GLOBAL_ACCENT_COLOR_NAME = AccentColor;
				CODE_SIGN_ENTITLEMENTS = "Tab Extractor/Tab Extractor.entitlements";
				CODE_SIGN_STYLE = Automatic;
				DEVELOPMENT_ASSET_PATHS = "\"Tab Extractor/Preview Content\"";
				DEVELOPMENT_TEAM = 2222CRHQ48;
				ENABLE_PREVIEWS = YES;
				INFOPLIST_FILE = "Tab Extractor/Info.plist";
				IPHONEOS_DEPLOYMENT_TARGET = 15.0;
				LD_RUNPATH_SEARCH_PATHS = (
					"$(inherited)",
					"@executable_path/Frameworks",
				);
				PRODUCT_BUNDLE_IDENTIFIER = "com.saio674.Tab-Extractor";
				PRODUCT_NAME = "$(TARGET_NAME)";
				SUPPORTS_MACCATALYST = YES;
				SWIFT_VERSION = 5.0;
				TARGETED_DEVICE_FAMILY = "1,2";
			};
			name = Debug;
		};
		C67649242663919D0033464A /* Release */ = {
			isa = XCBuildConfiguration;
			buildSettings = {
				ASSETCATALOG_COMPILER_APPICON_NAME = AppIcon;
				ASSETCATALOG_COMPILER_GLOBAL_ACCENT_COLOR_NAME = AccentColor;
				CODE_SIGN_ENTITLEMENTS = "Tab Extractor/Tab Extractor.entitlements";
				CODE_SIGN_STYLE = Automatic;
				DEVELOPMENT_ASSET_PATHS = "\"Tab Extractor/Preview Content\"";
				DEVELOPMENT_TEAM = 2222CRHQ48;
				ENABLE_PREVIEWS = YES;
				INFOPLIST_FILE = "Tab Extractor/Info.plist";
				IPHONEOS_DEPLOYMENT_TARGET = 15.0;
				LD_RUNPATH_SEARCH_PATHS = (
					"$(inherited)",
					"@executable_path/Frameworks",
				);
				PRODUCT_BUNDLE_IDENTIFIER = "com.saio674.Tab-Extractor";
				PRODUCT_NAME = "$(TARGET_NAME)";
				SUPPORTS_MACCATALYST = YES;
				SWIFT_VERSION = 5.0;
				TARGETED_DEVICE_FAMILY = "1,2";
			};
			name = Release;
		};
/* End XCBuildConfiguration section */

/* Begin XCConfigurationList section */
		C676490E2663919C0033464A /* Build configuration list for PBXProject "Tab Extractor" */ = {
			isa = XCConfigurationList;
			buildConfigurations = (
				C67649202663919D0033464A /* Debug */,
				C67649212663919D0033464A /* Release */,
			);
			defaultConfigurationIsVisible = 0;
			defaultConfigurationName = Release;
		};
		C67649222663919D0033464A /* Build configuration list for PBXNativeTarget "Tab Extractor" */ = {
			isa = XCConfigurationList;
			buildConfigurations = (
				C67649232663919D0033464A /* Debug */,
				C67649242663919D0033464A /* Release */,
			);
			defaultConfigurationIsVisible = 0;
			defaultConfigurationName = Release;
		};
/* End XCConfigurationList section */
	};
	rootObject = C676490B2663919C0033464A /* Project object */;
}
